// !$*UTF8*$!
{
	archiveVersion = 1;
	classes = {
	};
	objectVersion = 77;
	objects = {

/* Begin PBXContainerItemProxy section */
		031B40DC2CE9B7EB00BAE933 /* PBXContainerItemProxy */ = {
			isa = PBXContainerItemProxy;
			containerPortal = 031B40BD2CE9B7EA00BAE933 /* Project object */;
			proxyType = 1;
			remoteGlobalIDString = 031B40C42CE9B7EA00BAE933;
			remoteInfo = map_Homework;
		};
		031B40E62CE9B7EB00BAE933 /* PBXContainerItemProxy */ = {
			isa = PBXContainerItemProxy;
			containerPortal = 031B40BD2CE9B7EA00BAE933 /* Project object */;
			proxyType = 1;
			remoteGlobalIDString = 031B40C42CE9B7EA00BAE933;
			remoteInfo = map_Homework;
		};
/* End PBXContainerItemProxy section */

/* Begin PBXFileReference section */
		031B40C52CE9B7EA00BAE933 /* map_Homework.app */ = {isa = PBXFileReference; explicitFileType = wrapper.application; includeInIndex = 0; path = map_Homework.app; sourceTree = BUILT_PRODUCTS_DIR; };
		031B40DB2CE9B7EB00BAE933 /* map_HomeworkTests.xctest */ = {isa = PBXFileReference; explicitFileType = wrapper.cfbundle; includeInIndex = 0; path = map_HomeworkTests.xctest; sourceTree = BUILT_PRODUCTS_DIR; };
		031B40E52CE9B7EB00BAE933 /* map_HomeworkUITests.xctest */ = {isa = PBXFileReference; explicitFileType = wrapper.cfbundle; includeInIndex = 0; path = map_HomeworkUITests.xctest; sourceTree = BUILT_PRODUCTS_DIR; };
/* End PBXFileReference section */

/* Begin PBXFileSystemSynchronizedBuildFileExceptionSet section */
		031B40ED2CE9B7EB00BAE933 /* Exceptions for "map_Homework" folder in "map_Homework" target */ = {
			isa = PBXFileSystemSynchronizedBuildFileExceptionSet;
			membershipExceptions = (
				Info.plist,
			);
			target = 031B40C42CE9B7EA00BAE933 /* map_Homework */;
		};
/* End PBXFileSystemSynchronizedBuildFileExceptionSet section */

/* Begin PBXFileSystemSynchronizedRootGroup section */
		031B40C72CE9B7EA00BAE933 /* map_Homework */ = {
			isa = PBXFileSystemSynchronizedRootGroup;
			exceptions = (
				031B40ED2CE9B7EB00BAE933 /* Exceptions for "map_Homework" folder in "map_Homework" target */,
			);
			path = map_Homework;
			sourceTree = "<group>";
		};
		031B40DE2CE9B7EB00BAE933 /* map_HomeworkTests */ = {
			isa = PBXFileSystemSynchronizedRootGroup;
			path = map_HomeworkTests;
			sourceTree = "<group>";
		};
		031B40E82CE9B7EB00BAE933 /* map_HomeworkUITests */ = {
			isa = PBXFileSystemSynchronizedRootGroup;
			path = map_HomeworkUITests;
			sourceTree = "<group>";
		};
/* End PBXFileSystemSynchronizedRootGroup section */

/* Begin PBXFrameworksBuildPhase section */
		031B40C22CE9B7EA00BAE933 /* Frameworks */ = {
			isa = PBXFrameworksBuildPhase;
			buildActionMask = 2147483647;
			files = (
			);
			runOnlyForDeploymentPostprocessing = 0;
		};
		031B40D82CE9B7EB00BAE933 /* Frameworks */ = {
			isa = PBXFrameworksBuildPhase;
			buildActionMask = 2147483647;
			files = (
			);
			runOnlyForDeploymentPostprocessing = 0;
		};
		031B40E22CE9B7EB00BAE933 /* Frameworks */ = {
			isa = PBXFrameworksBuildPhase;
			buildActionMask = 2147483647;
			files = (
			);
			runOnlyForDeploymentPostprocessing = 0;
		};
/* End PBXFrameworksBuildPhase section */

/* Begin PBXGroup section */
		031B40BC2CE9B7EA00BAE933 = {
			isa = PBXGroup;
			children = (
				031B40C72CE9B7EA00BAE933 /* map_Homework */,
				031B40DE2CE9B7EB00BAE933 /* map_HomeworkTests */,
				031B40E82CE9B7EB00BAE933 /* map_HomeworkUITests */,
				031B40C62CE9B7EA00BAE933 /* Products */,
			);
			sourceTree = "<group>";
		};
		031B40C62CE9B7EA00BAE933 /* Products */ = {
			isa = PBXGroup;
			children = (
				031B40C52CE9B7EA00BAE933 /* map_Homework.app */,
				031B40DB2CE9B7EB00BAE933 /* map_HomeworkTests.xctest */,
				031B40E52CE9B7EB00BAE933 /* map_HomeworkUITests.xctest */,
			);
			name = Products;
			sourceTree = "<group>";
		};
/* End PBXGroup section */

/* Begin PBXNativeTarget section */
		031B40C42CE9B7EA00BAE933 /* map_Homework */ = {
			isa = PBXNativeTarget;
			buildConfigurationList = 031B40EE2CE9B7EB00BAE933 /* Build configuration list for PBXNativeTarget "map_Homework" */;
			buildPhases = (
				031B40C12CE9B7EA00BAE933 /* Sources */,
				031B40C22CE9B7EA00BAE933 /* Frameworks */,
				031B40C32CE9B7EA00BAE933 /* Resources */,
			);
			buildRules = (
			);
			dependencies = (
			);
			fileSystemSynchronizedGroups = (
				031B40C72CE9B7EA00BAE933 /* map_Homework */,
			);
			name = map_Homework;
			packageProductDependencies = (
			);
			productName = map_Homework;
			productReference = 031B40C52CE9B7EA00BAE933 /* map_Homework.app */;
			productType = "com.apple.product-type.application";
		};
		031B40DA2CE9B7EB00BAE933 /* map_HomeworkTests */ = {
			isa = PBXNativeTarget;
			buildConfigurationList = 031B40F32CE9B7EB00BAE933 /* Build configuration list for PBXNativeTarget "map_HomeworkTests" */;
			buildPhases = (
				031B40D72CE9B7EB00BAE933 /* Sources */,
				031B40D82CE9B7EB00BAE933 /* Frameworks */,
				031B40D92CE9B7EB00BAE933 /* Resources */,
			);
			buildRules = (
			);
			dependencies = (
				031B40DD2CE9B7EB00BAE933 /* PBXTargetDependency */,
			);
			fileSystemSynchronizedGroups = (
				031B40DE2CE9B7EB00BAE933 /* map_HomeworkTests */,
			);
			name = map_HomeworkTests;
			packageProductDependencies = (
			);
			productName = map_HomeworkTests;
			productReference = 031B40DB2CE9B7EB00BAE933 /* map_HomeworkTests.xctest */;
			productType = "com.apple.product-type.bundle.unit-test";
		};
		031B40E42CE9B7EB00BAE933 /* map_HomeworkUITests */ = {
			isa = PBXNativeTarget;
			buildConfigurationList = 031B40F62CE9B7EB00BAE933 /* Build configuration list for PBXNativeTarget "map_HomeworkUITests" */;
			buildPhases = (
				031B40E12CE9B7EB00BAE933 /* Sources */,
				031B40E22CE9B7EB00BAE933 /* Frameworks */,
				031B40E32CE9B7EB00BAE933 /* Resources */,
			);
			buildRules = (
			);
			dependencies = (
				031B40E72CE9B7EB00BAE933 /* PBXTargetDependency */,
			);
			fileSystemSynchronizedGroups = (
				031B40E82CE9B7EB00BAE933 /* map_HomeworkUITests */,
			);
			name = map_HomeworkUITests;
			packageProductDependencies = (
			);
			productName = map_HomeworkUITests;
			productReference = 031B40E52CE9B7EB00BAE933 /* map_HomeworkUITests.xctest */;
			productType = "com.apple.product-type.bundle.ui-testing";
		};
/* End PBXNativeTarget section */

/* Begin PBXProject section */
		031B40BD2CE9B7EA00BAE933 /* Project object */ = {
			isa = PBXProject;
			attributes = {
				BuildIndependentTargetsInParallel = 1;
				LastSwiftUpdateCheck = 1600;
				LastUpgradeCheck = 1600;
				TargetAttributes = {
					031B40C42CE9B7EA00BAE933 = {
						CreatedOnToolsVersion = 16.0;
					};
					031B40DA2CE9B7EB00BAE933 = {
						CreatedOnToolsVersion = 16.0;
						TestTargetID = 031B40C42CE9B7EA00BAE933;
					};
					031B40E42CE9B7EB00BAE933 = {
						CreatedOnToolsVersion = 16.0;
						TestTargetID = 031B40C42CE9B7EA00BAE933;
					};
				};
			};
			buildConfigurationList = 031B40C02CE9B7EA00BAE933 /* Build configuration list for PBXProject "map_Homework" */;
			developmentRegion = en;
			hasScannedForEncodings = 0;
			knownRegions = (
				en,
				Base,
			);
			mainGroup = 031B40BC2CE9B7EA00BAE933;
			minimizedProjectReferenceProxies = 1;
			preferredProjectObjectVersion = 77;
			productRefGroup = 031B40C62CE9B7EA00BAE933 /* Products */;
			projectDirPath = "";
			projectRoot = "";
			targets = (
				031B40C42CE9B7EA00BAE933 /* map_Homework */,
				031B40DA2CE9B7EB00BAE933 /* map_HomeworkTests */,
				031B40E42CE9B7EB00BAE933 /* map_HomeworkUITests */,
			);
		};
/* End PBXProject section */

/* Begin PBXResourcesBuildPhase section */
		031B40C32CE9B7EA00BAE933 /* Resources */ = {
			isa = PBXResourcesBuildPhase;
			buildActionMask = 2147483647;
			files = (
			);
			runOnlyForDeploymentPostprocessing = 0;
		};
		031B40D92CE9B7EB00BAE933 /* Resources */ = {
			isa = PBXResourcesBuildPhase;
			buildActionMask = 2147483647;
			files = (
			);
			runOnlyForDeploymentPostprocessing = 0;
		};
		031B40E32CE9B7EB00BAE933 /* Resources */ = {
			isa = PBXResourcesBuildPhase;
			buildActionMask = 2147483647;
			files = (
			);
			runOnlyForDeploymentPostprocessing = 0;
		};
/* End PBXResourcesBuildPhase section */

/* Begin PBXSourcesBuildPhase section */
		031B40C12CE9B7EA00BAE933 /* Sources */ = {
			isa = PBXSourcesBuildPhase;
			buildActionMask = 2147483647;
			files = (
			);
			runOnlyForDeploymentPostprocessing = 0;
		};
		031B40D72CE9B7EB00BAE933 /* Sources */ = {
			isa = PBXSourcesBuildPhase;
			buildActionMask = 2147483647;
			files = (
			);
			runOnlyForDeploymentPostprocessing = 0;
		};
		031B40E12CE9B7EB00BAE933 /* Sources */ = {
			isa = PBXSourcesBuildPhase;
			buildActionMask = 2147483647;
			files = (
			);
			runOnlyForDeploymentPostprocessing = 0;
		};
/* End PBXSourcesBuildPhase section */

/* Begin PBXTargetDependency section */
		031B40DD2CE9B7EB00BAE933 /* PBXTargetDependency */ = {
			isa = PBXTargetDependency;
			target = 031B40C42CE9B7EA00BAE933 /* map_Homework */;
			targetProxy = 031B40DC2CE9B7EB00BAE933 /* PBXContainerItemProxy */;
		};
		031B40E72CE9B7EB00BAE933 /* PBXTargetDependency */ = {
			isa = PBXTargetDependency;
			target = 031B40C42CE9B7EA00BAE933 /* map_Homework */;
			targetProxy = 031B40E62CE9B7EB00BAE933 /* PBXContainerItemProxy */;
		};
/* End PBXTargetDependency section */

/* Begin XCBuildConfiguration section */
		031B40EF2CE9B7EB00BAE933 /* Debug */ = {
			isa = XCBuildConfiguration;
			buildSettings = {
				ASSETCATALOG_COMPILER_APPICON_NAME = AppIcon;
				ASSETCATALOG_COMPILER_GLOBAL_ACCENT_COLOR_NAME = AccentColor;
				CODE_SIGN_STYLE = Automatic;
				CURRENT_PROJECT_VERSION = 1;
				GENERATE_INFOPLIST_FILE = YES;
				INFOPLIST_FILE = map_Homework/Info.plist;
				INFOPLIST_KEY_NSLocationWhenInUseUsageDescription = "We need your location";
				INFOPLIST_KEY_UIApplicationSupportsIndirectInputEvents = YES;
				INFOPLIST_KEY_UILaunchStoryboardName = LaunchScreen;
				INFOPLIST_KEY_UIMainStoryboardFile = Main;
				INFOPLIST_KEY_UISupportedInterfaceOrientations_iPad = "UIInterfaceOrientationPortrait UIInterfaceOrientationPortraitUpsideDown UIInterfaceOrientationLandscapeLeft UIInterfaceOrientationLandscapeRight";
				INFOPLIST_KEY_UISupportedInterfaceOrientations_iPhone = "UIInterfaceOrientationPortrait UIInterfaceOrientationLandscapeLeft UIInterfaceOrientationLandscapeRight";
				LD_RUNPATH_SEARCH_PATHS = (
					"$(inherited)",
					"@executable_path/Frameworks",
				);
				MARKETING_VERSION = 1.0;
				PRODUCT_BUNDLE_IDENTIFIER = "kz.mobydev.map-Homework";
				PRODUCT_NAME = "$(TARGET_NAME)";
				SWIFT_EMIT_LOC_STRINGS = YES;
				SWIFT_VERSION = 5.0;
				TARGETED_DEVICE_FAMILY = "1,2";
			};
			name = Debug;
		};
		031B40F02CE9B7EB00BAE933 /* Release */ = {
			isa = XCBuildConfiguration;
			buildSettings = {
				ASSETCATALOG_COMPILER_APPICON_NAME = AppIcon;
				ASSETCATALOG_COMPILER_GLOBAL_ACCENT_COLOR_NAME = AccentColor;
				CODE_SIGN_STYLE = Automatic;
				CURRENT_PROJECT_VERSION = 1;
				GENERATE_INFOPLIST_FILE = YES;
				INFOPLIST_FILE = map_Homework/Info.plist;
				INFOPLIST_KEY_NSLocationWhenInUseUsageDescription = "We need your location";
				INFOPLIST_KEY_UIApplicationSupportsIndirectInputEvents = YES;
				INFOPLIST_KEY_UILaunchStoryboardName = LaunchScreen;
				INFOPLIST_KEY_UIMainStoryboardFile = Main;
				INFOPLIST_KEY_UISupportedInterfaceOrientations_iPad = "UIInterfaceOrientationPortrait UIInterfaceOrientationPortraitUpsideDown UIInterfaceOrientationLandscapeLeft UIInterfaceOrientationLandscapeRight";
				INFOPLIST_KEY_UISupportedInterfaceOrientations_iPhone = "UIInterfaceOrientationPortrait UIInterfaceOrientationLandscapeLeft UIInterfaceOrientationLandscapeRight";
				LD_RUNPATH_SEARCH_PATHS = (
					"$(inherited)",
					"@executable_path/Frameworks",
				);
				MARKETING_VERSION = 1.0;
				PRODUCT_BUNDLE_IDENTIFIER = "kz.mobydev.map-Homework";
				PRODUCT_NAME = "$(TARGET_NAME)";
				SWIFT_EMIT_LOC_STRINGS = YES;
				SWIFT_VERSION = 5.0;
				TARGETED_DEVICE_FAMILY = "1,2";
			};
			name = Release;
		};
		031B40F12CE9B7EB00BAE933 /* Debug */ = {
			isa = XCBuildConfiguration;
			buildSettings = {
				ALWAYS_SEARCH_USER_PATHS = NO;
				ASSETCATALOG_COMPILER_GENERATE_SWIFT_ASSET_SYMBOL_EXTENSIONS = YES;
				CLANG_ANALYZER_NONNULL = YES;
				CLANG_ANALYZER_NUMBER_OBJECT_CONVERSION = YES_AGGRESSIVE;
				CLANG_CXX_LANGUAGE_STANDARD = "gnu++20";
				CLANG_ENABLE_MODULES = YES;
				CLANG_ENABLE_OBJC_ARC = YES;
				CLANG_ENABLE_OBJC_WEAK = YES;
				CLANG_WARN_BLOCK_CAPTURE_AUTORELEASING = YES;
				CLANG_WARN_BOOL_CONVERSION = YES;
				CLANG_WARN_COMMA = YES;
				CLANG_WARN_CONSTANT_CONVERSION = YES;
				CLANG_WARN_DEPRECATED_OBJC_IMPLEMENTATIONS = YES;
				CLANG_WARN_DIRECT_OBJC_ISA_USAGE = YES_ERROR;
				CLANG_WARN_DOCUMENTATION_COMMENTS = YES;
				CLANG_WARN_EMPTY_BODY = YES;
				CLANG_WARN_ENUM_CONVERSION = YES;
				CLANG_WARN_INFINITE_RECURSION = YES;
				CLANG_WARN_INT_CONVERSION = YES;
				CLANG_WARN_NON_LITERAL_NULL_CONVERSION = YES;
				CLANG_WARN_OBJC_IMPLICIT_RETAIN_SELF = YES;
				CLANG_WARN_OBJC_LITERAL_CONVERSION = YES;
				CLANG_WARN_OBJC_ROOT_CLASS = YES_ERROR;
				CLANG_WARN_QUOTED_INCLUDE_IN_FRAMEWORK_HEADER = YES;
				CLANG_WARN_RANGE_LOOP_ANALYSIS = YES;
				CLANG_WARN_STRICT_PROTOTYPES = YES;
				CLANG_WARN_SUSPICIOUS_MOVE = YES;
				CLANG_WARN_UNGUARDED_AVAILABILITY = YES_AGGRESSIVE;
				CLANG_WARN_UNREACHABLE_CODE = YES;
				CLANG_WARN__DUPLICATE_METHOD_MATCH = YES;
				COPY_PHASE_STRIP = NO;
				DEBUG_INFORMATION_FORMAT = dwarf;
				ENABLE_STRICT_OBJC_MSGSEND = YES;
				ENABLE_TESTABILITY = YES;
				ENABLE_USER_SCRIPT_SANDBOXING = YES;
				GCC_C_LANGUAGE_STANDARD = gnu17;
				GCC_DYNAMIC_NO_PIC = NO;
				GCC_NO_COMMON_BLOCKS = YES;
				GCC_OPTIMIZATION_LEVEL = 0;
				GCC_PREPROCESSOR_DEFINITIONS = (
					"DEBUG=1",
					"$(inherited)",
				);
				GCC_WARN_64_TO_32_BIT_CONVERSION = YES;
				GCC_WARN_ABOUT_RETURN_TYPE = YES_ERROR;
				GCC_WARN_UNDECLARED_SELECTOR = YES;
				GCC_WARN_UNINITIALIZED_AUTOS = YES_AGGRESSIVE;
				GCC_WARN_UNUSED_FUNCTION = YES;
				GCC_WARN_UNUSED_VARIABLE = YES;
				IPHONEOS_DEPLOYMENT_TARGET = 18.0;
				LOCALIZATION_PREFERS_STRING_CATALOGS = YES;
				MTL_ENABLE_DEBUG_INFO = INCLUDE_SOURCE;
				MTL_FAST_MATH = YES;
				ONLY_ACTIVE_ARCH = YES;
				SDKROOT = iphoneos;
				SWIFT_ACTIVE_COMPILATION_CONDITIONS = "DEBUG $(inherited)";
				SWIFT_OPTIMIZATION_LEVEL = "-Onone";
			};
			name = Debug;
		};
		031B40F22CE9B7EB00BAE933 /* Release */ = {
			isa = XCBuildConfiguration;
			buildSettings = {
				ALWAYS_SEARCH_USER_PATHS = NO;
				ASSETCATALOG_COMPILER_GENERATE_SWIFT_ASSET_SYMBOL_EXTENSIONS = YES;
				CLANG_ANALYZER_NONNULL = YES;
				CLANG_ANALYZER_NUMBER_OBJECT_CONVERSION = YES_AGGRESSIVE;
				CLANG_CXX_LANGUAGE_STANDARD = "gnu++20";
				CLANG_ENABLE_MODULES = YES;
				CLANG_ENABLE_OBJC_ARC = YES;
				CLANG_ENABLE_OBJC_WEAK = YES;
				CLANG_WARN_BLOCK_CAPTURE_AUTORELEASING = YES;
				CLANG_WARN_BOOL_CONVERSION = YES;
				CLANG_WARN_COMMA = YES;
				CLANG_WARN_CONSTANT_CONVERSION = YES;
				CLANG_WARN_DEPRECATED_OBJC_IMPLEMENTATIONS = YES;
				CLANG_WARN_DIRECT_OBJC_ISA_USAGE = YES_ERROR;
				CLANG_WARN_DOCUMENTATION_COMMENTS = YES;
				CLANG_WARN_EMPTY_BODY = YES;
				CLANG_WARN_ENUM_CONVERSION = YES;
				CLANG_WARN_INFINITE_RECURSION = YES;
				CLANG_WARN_INT_CONVERSION = YES;
				CLANG_WARN_NON_LITERAL_NULL_CONVERSION = YES;
				CLANG_WARN_OBJC_IMPLICIT_RETAIN_SELF = YES;
				CLANG_WARN_OBJC_LITERAL_CONVERSION = YES;
				CLANG_WARN_OBJC_ROOT_CLASS = YES_ERROR;
				CLANG_WARN_QUOTED_INCLUDE_IN_FRAMEWORK_HEADER = YES;
				CLANG_WARN_RANGE_LOOP_ANALYSIS = YES;
				CLANG_WARN_STRICT_PROTOTYPES = YES;
				CLANG_WARN_SUSPICIOUS_MOVE = YES;
				CLANG_WARN_UNGUARDED_AVAILABILITY = YES_AGGRESSIVE;
				CLANG_WARN_UNREACHABLE_CODE = YES;
				CLANG_WARN__DUPLICATE_METHOD_MATCH = YES;
				COPY_PHASE_STRIP = NO;
				DEBUG_INFORMATION_FORMAT = "dwarf-with-dsym";
				ENABLE_NS_ASSERTIONS = NO;
				ENABLE_STRICT_OBJC_MSGSEND = YES;
				ENABLE_USER_SCRIPT_SANDBOXING = YES;
				GCC_C_LANGUAGE_STANDARD = gnu17;
				GCC_NO_COMMON_BLOCKS = YES;
				GCC_WARN_64_TO_32_BIT_CONVERSION = YES;
				GCC_WARN_ABOUT_RETURN_TYPE = YES_ERROR;
				GCC_WARN_UNDECLARED_SELECTOR = YES;
				GCC_WARN_UNINITIALIZED_AUTOS = YES_AGGRESSIVE;
				GCC_WARN_UNUSED_FUNCTION = YES;
				GCC_WARN_UNUSED_VARIABLE = YES;
				IPHONEOS_DEPLOYMENT_TARGET = 18.0;
				LOCALIZATION_PREFERS_STRING_CATALOGS = YES;
				MTL_ENABLE_DEBUG_INFO = NO;
				MTL_FAST_MATH = YES;
				SDKROOT = iphoneos;
				SWIFT_COMPILATION_MODE = wholemodule;
				VALIDATE_PRODUCT = YES;
			};
			name = Release;
		};
		031B40F42CE9B7EB00BAE933 /* Debug */ = {
			isa = XCBuildConfiguration;
			buildSettings = {
				BUNDLE_LOADER = "$(TEST_HOST)";
				CODE_SIGN_STYLE = Automatic;
				CURRENT_PROJECT_VERSION = 1;
				GENERATE_INFOPLIST_FILE = YES;
				IPHONEOS_DEPLOYMENT_TARGET = 18.0;
				MARKETING_VERSION = 1.0;
				PRODUCT_BUNDLE_IDENTIFIER = "kz.mobydev.map-HomeworkTests";
				PRODUCT_NAME = "$(TARGET_NAME)";
				SWIFT_EMIT_LOC_STRINGS = NO;
				SWIFT_VERSION = 5.0;
				TARGETED_DEVICE_FAMILY = "1,2";
				TEST_HOST = "$(BUILT_PRODUCTS_DIR)/map_Homework.app/$(BUNDLE_EXECUTABLE_FOLDER_PATH)/map_Homework";
			};
			name = Debug;
		};
		031B40F52CE9B7EB00BAE933 /* Release */ = {
			isa = XCBuildConfiguration;
			buildSettings = {
				BUNDLE_LOADER = "$(TEST_HOST)";
				CODE_SIGN_STYLE = Automatic;
				CURRENT_PROJECT_VERSION = 1;
				GENERATE_INFOPLIST_FILE = YES;
				IPHONEOS_DEPLOYMENT_TARGET = 18.0;
				MARKETING_VERSION = 1.0;
				PRODUCT_BUNDLE_IDENTIFIER = "kz.mobydev.map-HomeworkTests";
				PRODUCT_NAME = "$(TARGET_NAME)";
				SWIFT_EMIT_LOC_STRINGS = NO;
				SWIFT_VERSION = 5.0;
				TARGETED_DEVICE_FAMILY = "1,2";
				TEST_HOST = "$(BUILT_PRODUCTS_DIR)/map_Homework.app/$(BUNDLE_EXECUTABLE_FOLDER_PATH)/map_Homework";
			};
			name = Release;
		};
		031B40F72CE9B7EB00BAE933 /* Debug */ = {
			isa = XCBuildConfiguration;
			buildSettings = {
				CODE_SIGN_STYLE = Automatic;
				CURRENT_PROJECT_VERSION = 1;
				GENERATE_INFOPLIST_FILE = YES;
				MARKETING_VERSION = 1.0;
				PRODUCT_BUNDLE_IDENTIFIER = "kz.mobydev.map-HomeworkUITests";
				PRODUCT_NAME = "$(TARGET_NAME)";
				SWIFT_EMIT_LOC_STRINGS = NO;
				SWIFT_VERSION = 5.0;
				TARGETED_DEVICE_FAMILY = "1,2";
				TEST_TARGET_NAME = map_Homework;
			};
			name = Debug;
		};
		031B40F82CE9B7EB00BAE933 /* Release */ = {
			isa = XCBuildConfiguration;
			buildSettings = {
				CODE_SIGN_STYLE = Automatic;
				CURRENT_PROJECT_VERSION = 1;
				GENERATE_INFOPLIST_FILE = YES;
				MARKETING_VERSION = 1.0;
				PRODUCT_BUNDLE_IDENTIFIER = "kz.mobydev.map-HomeworkUITests";
				PRODUCT_NAME = "$(TARGET_NAME)";
				SWIFT_EMIT_LOC_STRINGS = NO;
				SWIFT_VERSION = 5.0;
				TARGETED_DEVICE_FAMILY = "1,2";
				TEST_TARGET_NAME = map_Homework;
			};
			name = Release;
		};
/* End XCBuildConfiguration section */

/* Begin XCConfigurationList section */
		031B40C02CE9B7EA00BAE933 /* Build configuration list for PBXProject "map_Homework" */ = {
			isa = XCConfigurationList;
			buildConfigurations = (
				031B40F12CE9B7EB00BAE933 /* Debug */,
				031B40F22CE9B7EB00BAE933 /* Release */,
			);
			defaultConfigurationIsVisible = 0;
			defaultConfigurationName = Release;
		};
		031B40EE2CE9B7EB00BAE933 /* Build configuration list for PBXNativeTarget "map_Homework" */ = {
			isa = XCConfigurationList;
			buildConfigurations = (
				031B40EF2CE9B7EB00BAE933 /* Debug */,
				031B40F02CE9B7EB00BAE933 /* Release */,
			);
			defaultConfigurationIsVisible = 0;
			defaultConfigurationName = Release;
		};
		031B40F32CE9B7EB00BAE933 /* Build configuration list for PBXNativeTarget "map_HomeworkTests" */ = {
			isa = XCConfigurationList;
			buildConfigurations = (
				031B40F42CE9B7EB00BAE933 /* Debug */,
				031B40F52CE9B7EB00BAE933 /* Release */,
			);
			defaultConfigurationIsVisible = 0;
			defaultConfigurationName = Release;
		};
		031B40F62CE9B7EB00BAE933 /* Build configuration list for PBXNativeTarget "map_HomeworkUITests" */ = {
			isa = XCConfigurationList;
			buildConfigurations = (
				031B40F72CE9B7EB00BAE933 /* Debug */,
				031B40F82CE9B7EB00BAE933 /* Release */,
			);
			defaultConfigurationIsVisible = 0;
			defaultConfigurationName = Release;
		};
/* End XCConfigurationList section */
	};
	rootObject = 031B40BD2CE9B7EA00BAE933 /* Project object */;
}
